
Microsoft Visual Studio Solution File, Format Version 12.00
# Visual Studio Version 16
VisualStudioVersion = 16.0.31424.327
MinimumVisualStudioVersion = 10.0.40219.1
Project("{FAE04EC0-301F-11D3-BF4B-00C04F79EFBC}") = "DummyAPI", "DummyAPI\DummyAPI.csproj", "{C2A242F4-1373-4109-8829-B270A759948C}"
EndProject
Project("{FAE04EC0-301F-11D3-BF4B-00C04F79EFBC}") = "Example", "Example\Example.csproj", "{7EC0C6A7-9BE7-4EAF-9EFA-23DBB7181BF5}"
EndProject
Global
	GlobalSection(SolutionConfigurationPlatforms) = preSolution
		Debug|Any CPU = Debug|Any CPU
		Release|Any CPU = Release|Any CPU
	EndGlobalSection
	GlobalSection(ProjectConfigurationPlatforms) = postSolution
		{C2A242F4-1373-4109-8829-B270A759948C}.Debug|Any CPU.ActiveCfg = Debug|Any CPU
		{C2A242F4-1373-4109-8829-B270A759948C}.Debug|Any CPU.Build.0 = Debug|Any CPU
		{C2A242F4-1373-4109-8829-B270A759948C}.Release|Any CPU.ActiveCfg = Release|Any CPU
		{C2A242F4-1373-4109-8829-B270A759948C}.Release|Any CPU.Build.0 = Release|Any CPU
		{7EC0C6A7-9BE7-4EAF-9EFA-23DBB7181BF5}.Debug|Any CPU.ActiveCfg = Debug|Any CPU
		{7EC0C6A7-9BE7-4EAF-9EFA-23DBB7181BF5}.Debug|Any CPU.Build.0 = Debug|Any CPU
		{7EC0C6A7-9BE7-4EAF-9EFA-23DBB7181BF5}.Release|Any CPU.ActiveCfg = Release|Any CPU
		{7EC0C6A7-9BE7-4EAF-9EFA-23DBB7181BF5}.Release|Any CPU.Build.0 = Release|Any CPU
	EndGlobalSection
	GlobalSection(SolutionProperties) = preSolution
		HideSolutionNode = FALSE
	EndGlobalSection
	GlobalSection(ExtensibilityGlobals) = postSolution
		SolutionGuid = {FC096384-9601-457F-B19D-0DE0094BC82B}
	EndGlobalSection
EndGlobal
